
Microsoft Visual Studio Solution File, Format Version 12.00
# Visual Studio Version 17
VisualStudioVersion = 17.0.31903.59
MinimumVisualStudioVersion = 10.0.40219.1
Project("{2150E333-8FDC-42A3-9474-1A3956D46DE8}") = "src", "src", "{827E0CD3-B72D-47B6-A68D-7590B98EB39B}"
EndProject
Project("{FAE04EC0-301F-11D3-BF4B-00C04F79EFBC}") = "shared", "src\shared\shared.csproj", "{7DAB0251-2C49-44A4-BAE7-09A3AB348E8C}"
EndProject
Project("{FAE04EC0-301F-11D3-BF4B-00C04F79EFBC}") = "api-gateway", "src\api-gateway\api-gateway.csproj", "{5C0E82AE-B3EC-4455-A8AB-EA871A53CD20}"
EndProject
Project("{FAE04EC0-301F-11D3-BF4B-00C04F79EFBC}") = "legacy-sync-worker", "src\legacy-sync-worker\legacy-sync-worker.csproj", "{671EA2DB-B6CC-47E5-9C09-0F6BFC40C24E}"
EndProject
Project("{FAE04EC0-301F-11D3-BF4B-00C04F79EFBC}") = "read-model-projection", "src\read-model-projection\read-model-projection.csproj", "{94D95A3A-C942-462E-B7C1-0F8A2FDF2178}"
EndProject
Project("{2150E333-8FDC-42A3-9474-1A3956D46DE8}") = "rx-ui", "rx-ui", "{2EF5B381-D17D-C0DD-A978-D9FA6CC8C90E}"
EndProject
Project("{FAE04EC0-301F-11D3-BF4B-00C04F79EFBC}") = "Rx.Ui", "src\rx-ui\Rx.Ui\Rx.Ui.csproj", "{8A1DF897-8797-455A-9214-183A8C0D33E6}"
EndProject
Global
	GlobalSection(SolutionConfigurationPlatforms) = preSolution
		Debug|Any CPU = Debug|Any CPU
		Debug|x64 = Debug|x64
		Debug|x86 = Debug|x86
		Release|Any CPU = Release|Any CPU
		Release|x64 = Release|x64
		Release|x86 = Release|x86
	EndGlobalSection
	GlobalSection(ProjectConfigurationPlatforms) = postSolution
		{7DAB0251-2C49-44A4-BAE7-09A3AB348E8C}.Debug|Any CPU.ActiveCfg = Debug|Any CPU
		{7DAB0251-2C49-44A4-BAE7-09A3AB348E8C}.Debug|Any CPU.Build.0 = Debug|Any CPU
		{7DAB0251-2C49-44A4-BAE7-09A3AB348E8C}.Debug|x64.ActiveCfg = Debug|Any CPU
		{7DAB0251-2C49-44A4-BAE7-09A3AB348E8C}.Debug|x64.Build.0 = Debug|Any CPU
		{7DAB0251-2C49-44A4-BAE7-09A3AB348E8C}.Debug|x86.ActiveCfg = Debug|Any CPU
		{7DAB0251-2C49-44A4-BAE7-09A3AB348E8C}.Debug|x86.Build.0 = Debug|Any CPU
		{7DAB0251-2C49-44A4-BAE7-09A3AB348E8C}.Release|Any CPU.ActiveCfg = Release|Any CPU
		{7DAB0251-2C49-44A4-BAE7-09A3AB348E8C}.Release|Any CPU.Build.0 = Release|Any CPU
		{7DAB0251-2C49-44A4-BAE7-09A3AB348E8C}.Release|x64.ActiveCfg = Release|Any CPU
		{7DAB0251-2C49-44A4-BAE7-09A3AB348E8C}.Release|x64.Build.0 = Release|Any CPU
		{7DAB0251-2C49-44A4-BAE7-09A3AB348E8C}.Release|x86.ActiveCfg = Release|Any CPU
		{7DAB0251-2C49-44A4-BAE7-09A3AB348E8C}.Release|x86.Build.0 = Release|Any CPU
		{5C0E82AE-B3EC-4455-A8AB-EA871A53CD20}.Debug|Any CPU.ActiveCfg = Debug|Any CPU
		{5C0E82AE-B3EC-4455-A8AB-EA871A53CD20}.Debug|Any CPU.Build.0 = Debug|Any CPU
		{5C0E82AE-B3EC-4455-A8AB-EA871A53CD20}.Debug|x64.ActiveCfg = Debug|Any CPU
		{5C0E82AE-B3EC-4455-A8AB-EA871A53CD20}.Debug|x64.Build.0 = Debug|Any CPU
		{5C0E82AE-B3EC-4455-A8AB-EA871A53CD20}.Debug|x86.ActiveCfg = Debug|Any CPU
		{5C0E82AE-B3EC-4455-A8AB-EA871A53CD20}.Debug|x86.Build.0 = Debug|Any CPU
		{5C0E82AE-B3EC-4455-A8AB-EA871A53CD20}.Release|Any CPU.ActiveCfg = Release|Any CPU
		{5C0E82AE-B3EC-4455-A8AB-EA871A53CD20}.Release|Any CPU.Build.0 = Release|Any CPU
		{5C0E82AE-B3EC-4455-A8AB-EA871A53CD20}.Release|x64.ActiveCfg = Release|Any CPU
		{5C0E82AE-B3EC-4455-A8AB-EA871A53CD20}.Release|x64.Build.0 = Release|Any CPU
		{5C0E82AE-B3EC-4455-A8AB-EA871A53CD20}.Release|x86.ActiveCfg = Release|Any CPU
		{5C0E82AE-B3EC-4455-A8AB-EA871A53CD20}.Release|x86.Build.0 = Release|Any CPU
		{671EA2DB-B6CC-47E5-9C09-0F6BFC40C24E}.Debug|Any CPU.ActiveCfg = Debug|Any CPU
		{671EA2DB-B6CC-47E5-9C09-0F6BFC40C24E}.Debug|Any CPU.Build.0 = Debug|Any CPU
		{671EA2DB-B6CC-47E5-9C09-0F6BFC40C24E}.Debug|x64.ActiveCfg = Debug|Any CPU
		{671EA2DB-B6CC-47E5-9C09-0F6BFC40C24E}.Debug|x64.Build.0 = Debug|Any CPU
		{671EA2DB-B6CC-47E5-9C09-0F6BFC40C24E}.Debug|x86.ActiveCfg = Debug|Any CPU
		{671EA2DB-B6CC-47E5-9C09-0F6BFC40C24E}.Debug|x86.Build.0 = Debug|Any CPU
		{671EA2DB-B6CC-47E5-9C09-0F6BFC40C24E}.Release|Any CPU.ActiveCfg = Release|Any CPU
		{671EA2DB-B6CC-47E5-9C09-0F6BFC40C24E}.Release|Any CPU.Build.0 = Release|Any CPU
		{671EA2DB-B6CC-47E5-9C09-0F6BFC40C24E}.Release|x64.ActiveCfg = Release|Any CPU
		{671EA2DB-B6CC-47E5-9C09-0F6BFC40C24E}.Release|x64.Build.0 = Release|Any CPU
		{671EA2DB-B6CC-47E5-9C09-0F6BFC40C24E}.Release|x86.ActiveCfg = Release|Any CPU
		{671EA2DB-B6CC-47E5-9C09-0F6BFC40C24E}.Release|x86.Build.0 = Release|Any CPU
		{94D95A3A-C942-462E-B7C1-0F8A2FDF2178}.Debug|Any CPU.ActiveCfg = Debug|Any CPU
		{94D95A3A-C942-462E-B7C1-0F8A2FDF2178}.Debug|Any CPU.Build.0 = Debug|Any CPU
		{94D95A3A-C942-462E-B7C1-0F8A2FDF2178}.Debug|x64.ActiveCfg = Debug|Any CPU
		{94D95A3A-C942-462E-B7C1-0F8A2FDF2178}.Debug|x64.Build.0 = Debug|Any CPU
		{94D95A3A-C942-462E-B7C1-0F8A2FDF2178}.Debug|x86.ActiveCfg = Debug|Any CPU
		{94D95A3A-C942-462E-B7C1-0F8A2FDF2178}.Debug|x86.Build.0 = Debug|Any CPU
		{94D95A3A-C942-462E-B7C1-0F8A2FDF2178}.Release|Any CPU.ActiveCfg = Release|Any CPU
		{94D95A3A-C942-462E-B7C1-0F8A2FDF2178}.Release|Any CPU.Build.0 = Release|Any CPU
		{94D95A3A-C942-462E-B7C1-0F8A2FDF2178}.Release|x64.ActiveCfg = Release|Any CPU
		{94D95A3A-C942-462E-B7C1-0F8A2FDF2178}.Release|x64.Build.0 = Release|Any CPU
		{94D95A3A-C942-462E-B7C1-0F8A2FDF2178}.Release|x86.ActiveCfg = Release|Any CPU
		{94D95A3A-C942-462E-B7C1-0F8A2FDF2178}.Release|x86.Build.0 = Release|Any CPU
		{8A1DF897-8797-455A-9214-183A8C0D33E6}.Debug|Any CPU.ActiveCfg = Debug|Any CPU
		{8A1DF897-8797-455A-9214-183A8C0D33E6}.Debug|Any CPU.Build.0 = Debug|Any CPU
		{8A1DF897-8797-455A-9214-183A8C0D33E6}.Debug|x64.ActiveCfg = Debug|Any CPU
		{8A1DF897-8797-455A-9214-183A8C0D33E6}.Debug|x64.Build.0 = Debug|Any CPU
		{8A1DF897-8797-455A-9214-183A8C0D33E6}.Debug|x86.ActiveCfg = Debug|Any CPU
		{8A1DF897-8797-455A-9214-183A8C0D33E6}.Debug|x86.Build.0 = Debug|Any CPU
		{8A1DF897-8797-455A-9214-183A8C0D33E6}.Release|Any CPU.ActiveCfg = Release|Any CPU
		{8A1DF897-8797-455A-9214-183A8C0D33E6}.Release|Any CPU.Build.0 = Release|Any CPU
		{8A1DF897-8797-455A-9214-183A8C0D33E6}.Release|x64.ActiveCfg = Release|Any CPU
		{8A1DF897-8797-455A-9214-183A8C0D33E6}.Release|x64.Build.0 = Release|Any CPU
		{8A1DF897-8797-455A-9214-183A8C0D33E6}.Release|x86.ActiveCfg = Release|Any CPU
		{8A1DF897-8797-455A-9214-183A8C0D33E6}.Release|x86.Build.0 = Release|Any CPU
	EndGlobalSection
	GlobalSection(SolutionProperties) = preSolution
		HideSolutionNode = FALSE
	EndGlobalSection
	GlobalSection(NestedProjects) = preSolution
		{7DAB0251-2C49-44A4-BAE7-09A3AB348E8C} = {827E0CD3-B72D-47B6-A68D-7590B98EB39B}
		{5C0E82AE-B3EC-4455-A8AB-EA871A53CD20} = {827E0CD3-B72D-47B6-A68D-7590B98EB39B}
		{671EA2DB-B6CC-47E5-9C09-0F6BFC40C24E} = {827E0CD3-B72D-47B6-A68D-7590B98EB39B}
		{94D95A3A-C942-462E-B7C1-0F8A2FDF2178} = {827E0CD3-B72D-47B6-A68D-7590B98EB39B}
		{2EF5B381-D17D-C0DD-A978-D9FA6CC8C90E} = {827E0CD3-B72D-47B6-A68D-7590B98EB39B}
		{8A1DF897-8797-455A-9214-183A8C0D33E6} = {2EF5B381-D17D-C0DD-A978-D9FA6CC8C90E}
	EndGlobalSection
EndGlobal
